<?xml version="1.0" encoding="utf-8"?>
<Project ToolsVersion="4.0" xmlns="http://schemas.microsoft.com/developer/msbuild/2003">
  <ItemGroup>
    <Filter Include="Source Files">
      <UniqueIdentifier>{4FC737F1-C7A5-4376-A066-2A32D752A2FF}</UniqueIdentifier>
      <Extensions>cpp;c;cc;cxx;c++;cppm;ixx;def;odl;idl;hpj;bat;asm;asmx</Extensions>
    </Filter>
    <Filter Include="Header Files">
      <UniqueIdentifier>{93995380-89BD-4b04-88EB-625FBE52EBFB}</UniqueIdentifier>
      <Extensions>h;hh;hpp;hxx;h++;hm;inl;inc;ipp;xsd</Extensions>
    </Filter>
    <Filter Include="Resource Files">
      <UniqueIdentifier>{67DA6AB6-F800-4c08-8B7A-83BB121AAD01}</UniqueIdentifier>
      <Extensions>rc;ico;cur;bmp;dlg;rc2;rct;bin;rgs;gif;jpg;jpeg;jpe;resx;tiff;tif;png;wav;mfcribbon-ms</Extensions>
    </Filter>
    <Filter Include="Header Files\Game">
      <UniqueIdentifier>{6d44937f-8067-42c3-ab03-e655fa7d76c3}</UniqueIdentifier>
    </Filter>
    <Filter Include="Header Files\Game\Weapon">
      <UniqueIdentifier>{5017ade1-b4c7-4e6a-9582-5360d7894079}</UniqueIdentifier>
    </Filter>
    <Filter Include="Header Files\Game\Weapon\WeaponMelee">
      <UniqueIdentifier>{065b0b0c-ecf4-401a-971c-0d75c0d0d317}</UniqueIdentifier>
    </Filter>
    <Filter Include="Header Files\Game\Weapon\WeaponRange">
      <UniqueIdentifier>{ee6bd957-6bba-405f-920e-4a8f6a99e3a9}</UniqueIdentifier>
    </Filter>
  </ItemGroup>
  <ItemGroup>
    <ClInclude Include="Color.h">
      <Filter>Resource Files</Filter>
    </ClInclude>
    <ClInclude Include="Macro.h">
      <Filter>Header Files</Filter>
    </ClInclude>
    <ClInclude Include="Main.h">
      <Filter>Header Files</Filter>
    </ClInclude>
    <ClInclude Include="Random.h">
      <Filter>Resource Files</Filter>
    </ClInclude>
    <ClInclude Include="WeaponMelee.h">
      <Filter>Header Files\Game\Weapon</Filter>
    </ClInclude>
    <ClInclude Include="WeaponRange.h">
      <Filter>Header Files\Game\Weapon</Filter>
    </ClInclude>
    <ClInclude Include="Weapon.h">
      <Filter>Header Files\Game</Filter>
    </ClInclude>
    <ClInclude Include="Bullet.h">
      <Filter>Header Files\Game</Filter>
    </ClInclude>
    <ClInclude Include="WeaponWheel.h">
      <Filter>Header Files\Game</Filter>
    </ClInclude>
    <ClInclude Include="Consumable.h">
      <Filter>Header Files</Filter>
    </ClInclude>
    <ClInclude Include="Shop.h">
      <Filter>Header Files</Filter>
    </ClInclude>
    <ClInclude Include="Purchasable.h">
      <Filter>Header Files</Filter>
    </ClInclude>
  </ItemGroup>
  <ItemGroup>
    <ClCompile Include="Main.cpp">
      <Filter>Source Files</Filter>
    </ClCompile>
    <ClCompile Include="Macro.cpp">
      <Filter>Resource Files</Filter>
    </ClCompile>
    <ClCompile Include="Bullet.cpp">
      <Filter>Source Files</Filter>
    </ClCompile>
    <ClCompile Include="Weapon.cpp">
      <Filter>Source Files</Filter>
    </ClCompile>
    <ClCompile Include="WeaponMelee.cpp">
      <Filter>Source Files</Filter>
    </ClCompile>
    <ClCompile Include="WeaponRange.cpp">
      <Filter>Source Files</Filter>
    </ClCompile>
    <ClCompile Include="WeaponWheel.cpp">
      <Filter>Source Files</Filter>
    </ClCompile>
    <ClCompile Include="Color.cpp">
      <Filter>Resource Files</Filter>
    </ClCompile>
    <ClCompile Include="Consumable.cpp">
      <Filter>Source Files</Filter>
    </ClCompile>
    <ClCompile Include="Shop.cpp">
      <Filter>Source Files</Filter>
    </ClCompile>
    <ClCompile Include="Purchasable.cpp">
      <Filter>Source Files</Filter>
    </ClCompile>
  </ItemGroup>
  <ItemGroup>
    <Text Include="Objective.txt">
      <Filter>Resource Files</Filter>
    </Text>
  </ItemGroup>
</Project>